
Microsoft Visual Studio Solution File, Format Version 12.00
# Visual Studio 15
VisualStudioVersion = 15.0.28307.489
MinimumVisualStudioVersion = 10.0.40219.1
Project("{FAE04EC0-301F-11D3-BF4B-00C04F79EFBC}") = "restaurant_manager", "restaurant_manager\restaurant_manager.csproj", "{EAA288B8-C474-4FED-9D33-65F8F46EE566}"
EndProject
Global
	GlobalSection(SolutionConfigurationPlatforms) = preSolution
		Debug|Any CPU = Debug|Any CPU
		Release|Any CPU = Release|Any CPU
	EndGlobalSection
	GlobalSection(ProjectConfigurationPlatforms) = postSolution
		{EAA288B8-C474-4FED-9D33-65F8F46EE566}.Debug|Any CPU.ActiveCfg = Debug|Any CPU
		{EAA288B8-C474-4FED-9D33-65F8F46EE566}.Debug|Any CPU.Build.0 = Debug|Any CPU
		{EAA288B8-C474-4FED-9D33-65F8F46EE566}.Release|Any CPU.ActiveCfg = Release|Any CPU
		{EAA288B8-C474-4FED-9D33-65F8F46EE566}.Release|Any CPU.Build.0 = Release|Any CPU
	EndGlobalSection
	GlobalSection(SolutionProperties) = preSolution
		HideSolutionNode = FALSE
	EndGlobalSection
	GlobalSection(ExtensibilityGlobals) = postSolution
		SolutionGuid = {CBF7498E-1306-4AD5-B2BD-D644E20FACC2}
	EndGlobalSection
EndGlobal
